
Microsoft Visual Studio Solution File, Format Version 12.00
# Visual Studio Version 17
VisualStudioVersion = 17.6.33815.320
MinimumVisualStudioVersion = 10.0.40219.1
Project("{FAE04EC0-301F-11D3-BF4B-00C04F79EFBC}") = "BuildingInfoAPI", "BuildingInfoAPI.csproj", "{4E2009C2-CE6B-42C8-9C0E-B8BCAC8561CE}"
EndProject
Global
	GlobalSection(SolutionConfigurationPlatforms) = preSolution
		Debug|Any CPU = Debug|Any CPU
		Release|Any CPU = Release|Any CPU
	EndGlobalSection
	GlobalSection(ProjectConfigurationPlatforms) = postSolution
		{4E2009C2-CE6B-42C8-9C0E-B8BCAC8561CE}.Debug|Any CPU.ActiveCfg = Debug|Any CPU
		{4E2009C2-CE6B-42C8-9C0E-B8BCAC8561CE}.Debug|Any CPU.Build.0 = Debug|Any CPU
		{4E2009C2-CE6B-42C8-9C0E-B8BCAC8561CE}.Release|Any CPU.ActiveCfg = Release|Any CPU
		{4E2009C2-CE6B-42C8-9C0E-B8BCAC8561CE}.Release|Any CPU.Build.0 = Release|Any CPU
	EndGlobalSection
	GlobalSection(SolutionProperties) = preSolution
		HideSolutionNode = FALSE
	EndGlobalSection
	GlobalSection(ExtensibilityGlobals) = postSolution
		SolutionGuid = {C35C3877-3941-43C6-B819-4F162535EE86}
	EndGlobalSection
EndGlobal
